
Microsoft Visual Studio Solution File, Format Version 12.00
Project("{FAE04EC0-301F-11D3-BF4B-00C04F79EFBC}") = "GuardianProAPI", "GuardianProAPI\GuardianProAPI.csproj", "{3EAF66D2-9B11-42C1-BE51-56399D4F08BC}"
EndProject
Global
	GlobalSection(SolutionConfigurationPlatforms) = preSolution
		Debug|Any CPU = Debug|Any CPU
		Release|Any CPU = Release|Any CPU
	EndGlobalSection
	GlobalSection(ProjectConfigurationPlatforms) = postSolution
		{3EAF66D2-9B11-42C1-BE51-56399D4F08BC}.Debug|Any CPU.ActiveCfg = Debug|Any CPU
		{3EAF66D2-9B11-42C1-BE51-56399D4F08BC}.Debug|Any CPU.Build.0 = Debug|Any CPU
		{3EAF66D2-9B11-42C1-BE51-56399D4F08BC}.Release|Any CPU.ActiveCfg = Release|Any CPU
		{3EAF66D2-9B11-42C1-BE51-56399D4F08BC}.Release|Any CPU.Build.0 = Release|Any CPU
	EndGlobalSection
EndGlobal
