
Microsoft Visual Studio Solution File, Format Version 12.00
Project("{FAE04EC0-301F-11D3-BF4B-00C04F79EFBC}") = "TerminalEmployeeGeneralDivision", "TerminalEmployeeGeneralDivision\TerminalEmployeeGeneralDivision.csproj", "{CD4A1F47-D047-4430-B341-0B261D183911}"
EndProject
Global
	GlobalSection(SolutionConfigurationPlatforms) = preSolution
		Debug|Any CPU = Debug|Any CPU
		Release|Any CPU = Release|Any CPU
	EndGlobalSection
	GlobalSection(ProjectConfigurationPlatforms) = postSolution
		{CD4A1F47-D047-4430-B341-0B261D183911}.Debug|Any CPU.ActiveCfg = Debug|Any CPU
		{CD4A1F47-D047-4430-B341-0B261D183911}.Debug|Any CPU.Build.0 = Debug|Any CPU
		{CD4A1F47-D047-4430-B341-0B261D183911}.Release|Any CPU.ActiveCfg = Release|Any CPU
		{CD4A1F47-D047-4430-B341-0B261D183911}.Release|Any CPU.Build.0 = Release|Any CPU
	EndGlobalSection
EndGlobal
